absl-py==2.3.1
astunparse==1.6.3
certifi==2026.7.22
cffi==2.0.0
charset-normalizer==3.5.1
cryptography==50.0.1
flatbuffers==25.12.19
gast==0.4.0
google-auth==2.50.0
google-auth-oauthlib==0.4.6
google-pasta==0.2.0
grpcio==1.80.0
h5py==3.10.0
idna==3.20
importlib-metadata==8.7.1
keras==2.10.0
keras-preprocessing==1.1.2
libclang==18.1.1
markdown==3.9
markupsafe==3.0.3
numpy==1.23.5
oauthlib==3.3.1
opt-einsum==3.4.0
packaging==26.3
protobuf==3.19.6
pyasn1==0.6.4
pyasn1-modules==0.4.2
pycparser==2.23
requests==2.32.5
requests-oauthlib==2.0.0
setuptools==82.0.1
six==1.17.0
tensorboard==2.10.1
tensorboard-data-server==0.6.1
tensorboard-plugin-wit==1.8.1
tensorflow==2.10.1
tensorflow-estimator==2.10.0
tensorflow-io-gcs-filesystem==0.37.1
termcolor==3.1.0
typing-extensions==4.16.0
urllib3==2.6.3
werkzeug==3.1.9
wheel==0.48.0
wrapt==2.5.0
zipp==3.23.1
